
Microsoft Visual Studio Solution File, Format Version 12.00
# Visual Studio Version 17
VisualStudioVersion = 17.9.34902.65
MinimumVisualStudioVersion = 10.0.40219.1
Project("{FAE04EC0-301F-11D3-BF4B-00C04F79EFBC}") = "OOP_Hamburgerci", "ClassLibrary1\OOP_Hamburgerci.csproj", "{216E28B1-A3DB-46D7-BE1A-E0E83681F0B7}"
EndProject
Project("{FAE04EC0-301F-11D3-BF4B-00C04F79EFBC}") = "OOP_Hamburgerci_WFA", "OOP_Hamburgerci_WFA\OOP_Hamburgerci_WFA.csproj", "{B7AB7C61-84C4-4463-B3ED-254450605A1B}"
EndProject
Global
	GlobalSection(SolutionConfigurationPlatforms) = preSolution
		Debug|Any CPU = Debug|Any CPU
		Release|Any CPU = Release|Any CPU
	EndGlobalSection
	GlobalSection(ProjectConfigurationPlatforms) = postSolution
		{216E28B1-A3DB-46D7-BE1A-E0E83681F0B7}.Debug|Any CPU.ActiveCfg = Debug|Any CPU
		{216E28B1-A3DB-46D7-BE1A-E0E83681F0B7}.Debug|Any CPU.Build.0 = Debug|Any CPU
		{216E28B1-A3DB-46D7-BE1A-E0E83681F0B7}.Release|Any CPU.ActiveCfg = Release|Any CPU
		{216E28B1-A3DB-46D7-BE1A-E0E83681F0B7}.Release|Any CPU.Build.0 = Release|Any CPU
		{B7AB7C61-84C4-4463-B3ED-254450605A1B}.Debug|Any CPU.ActiveCfg = Debug|Any CPU
		{B7AB7C61-84C4-4463-B3ED-254450605A1B}.Debug|Any CPU.Build.0 = Debug|Any CPU
		{B7AB7C61-84C4-4463-B3ED-254450605A1B}.Release|Any CPU.ActiveCfg = Release|Any CPU
		{B7AB7C61-84C4-4463-B3ED-254450605A1B}.Release|Any CPU.Build.0 = Release|Any CPU
	EndGlobalSection
	GlobalSection(SolutionProperties) = preSolution
		HideSolutionNode = FALSE
	EndGlobalSection
	GlobalSection(ExtensibilityGlobals) = postSolution
		SolutionGuid = {72F7E929-74D3-4534-B775-21820CD33F0F}
	EndGlobalSection
EndGlobal
